// !$*UTF8*$!
{
	archiveVersion = 1;
	classes = {
	};
	objectVersion = 48;
	objects = {

/* Begin PBXBuildFile section */
		F0108BAD200F431100F34ACB /* AppDelegate.swift in Sources */ = {isa = PBXBuildFile; fileRef = F0108BAC200F431100F34ACB /* AppDelegate.swift */; };
		F0108BAF200F431100F34ACB /* ViewController.swift in Sources */ = {isa = PBXBuildFile; fileRef = F0108BAE200F431100F34ACB /* ViewController.swift */; };
		F0108BB2200F431100F34ACB /* Main.storyboard in Resources */ = {isa = PBXBuildFile; fileRef = F0108BB0200F431100F34ACB /* Main.storyboard */; };
		F0108BB4200F431100F34ACB /* Assets.xcassets in Resources */ = {isa = PBXBuildFile; fileRef = F0108BB3200F431100F34ACB /* Assets.xcassets */; };
		F0108BB7200F431100F34ACB /* LaunchScreen.storyboard in Resources */ = {isa = PBXBuildFile; fileRef = F0108BB5200F431100F34ACB /* LaunchScreen.storyboard */; };
		F0108BBF200F5DDB00F34ACB /* CustomCellTableViewCell.swift in Sources */ = {isa = PBXBuildFile; fileRef = F0108BBE200F5DDB00F34ACB /* CustomCellTableViewCell.swift */; };
/* End PBXBuildFile section */

/* Begin PBXFileReference section */
		F0108BA9200F431100F34ACB /* xcodetableview.app */ = {isa = PBXFileReference; explicitFileType = wrapper.application; includeInIndex = 0; path = xcodetableview.app; sourceTree = BUILT_PRODUCTS_DIR; };
		F0108BAC200F431100F34ACB /* AppDelegate.swift */ = {isa = PBXFileReference; lastKnownFileType = sourcecode.swift; path = AppDelegate.swift; sourceTree = "<group>"; };
		F0108BAE200F431100F34ACB /* ViewController.swift */ = {isa = PBXFileReference; lastKnownFileType = sourcecode.swift; path = ViewController.swift; sourceTree = "<group>"; };
		F0108BB1200F431100F34ACB /* Base */ = {isa = PBXFileReference; lastKnownFileType = file.storyboard; name = Base; path = Base.lproj/Main.storyboard; sourceTree = "<group>"; };
		F0108BB3200F431100F34ACB /* Assets.xcassets */ = {isa = PBXFileReference; lastKnownFileType = folder.assetcatalog; path = Assets.xcassets; sourceTree = "<group>"; };
		F0108BB6200F431100F34ACB /* Base */ = {isa = PBXFileReference; lastKnownFileType = file.storyboard; name = Base; path = Base.lproj/LaunchScreen.storyboard; sourceTree = "<group>"; };
		F0108BB8200F431100F34ACB /* Info.plist */ = {isa = PBXFileReference; lastKnownFileType = text.plist.xml; path = Info.plist; sourceTree = "<group>"; };
		F0108BBE200F5DDB00F34ACB /* CustomCellTableViewCell.swift */ = {isa = PBXFileReference; lastKnownFileType = sourcecode.swift; path = CustomCellTableViewCell.swift; sourceTree = "<group>"; };
/* End PBXFileReference section */

/* Begin PBXFrameworksBuildPhase section */
		F0108BA6200F431100F34ACB /* Frameworks */ = {
			isa = PBXFrameworksBuildPhase;
			buildActionMask = 2147483647;
			files = (
			);
			runOnlyForDeploymentPostprocessing = 0;
		};
/* End PBXFrameworksBuildPhase section */

/* Begin PBXGroup section */
		F0108BA0200F431100F34ACB = {
			isa = PBXGroup;
			children = (
				F0108BAB200F431100F34ACB /* xcodetableview */,
				F0108BAA200F431100F34ACB /* Products */,
			);
			sourceTree = "<group>";
		};
		F0108BAA200F431100F34ACB /* Products */ = {
			isa = PBXGroup;
			children = (
				F0108BA9200F431100F34ACB /* xcodetableview.app */,
			);
			name = Products;
			sourceTree = "<group>";
		};
		F0108BAB200F431100F34ACB /* xcodetableview */ = {
			isa = PBXGroup;
			children = (
				F0108BAC200F431100F34ACB /* AppDelegate.swift */,
				F0108BAE200F431100F34ACB /* ViewController.swift */,
				F0108BBE200F5DDB00F34ACB /* CustomCellTableViewCell.swift */,
				F0108BB0200F431100F34ACB /* Main.storyboard */,
				F0108BB3200F431100F34ACB /* Assets.xcassets */,
				F0108BB5200F431100F34ACB /* LaunchScreen.storyboard */,
				F0108BB8200F431100F34ACB /* Info.plist */,
			);
			path = xcodetableview;
			sourceTree = "<group>";
		};
/* End PBXGroup section */

/* Begin PBXNativeTarget section */
		F0108BA8200F431100F34ACB /* xcodetableview */ = {
			isa = PBXNativeTarget;
			buildConfigurationList = F0108BBB200F431100F34ACB /* Build configuration list for PBXNativeTarget "xcodetableview" */;
			buildPhases = (
				F0108BA5200F431100F34ACB /* Sources */,
				F0108BA6200F431100F34ACB /* Frameworks */,
				F0108BA7200F431100F34ACB /* Resources */,
			);
			buildRules = (
			);
			dependencies = (
			);
			name = xcodetableview;
			productName = xcodetableview;
			productReference = F0108BA9200F431100F34ACB /* xcodetableview.app */;
			productType = "com.apple.product-type.application";
		};
/* End PBXNativeTarget section */

/* Begin PBXProject section */
		F0108BA1200F431100F34ACB /* Project object */ = {
			isa = PBXProject;
			attributes = {
				LastSwiftUpdateCheck = 0920;
				LastUpgradeCheck = 0920;
				ORGANIZATIONNAME = luissancar;
				TargetAttributes = {
					F0108BA8200F431100F34ACB = {
						CreatedOnToolsVersion = 9.2;
						ProvisioningStyle = Automatic;
					};
				};
			};
			buildConfigurationList = F0108BA4200F431100F34ACB /* Build configuration list for PBXProject "xcodetableview" */;
			compatibilityVersion = "Xcode 8.0";
			developmentRegion = en;
			hasScannedForEncodings = 0;
			knownRegions = (
				en,
				Base,
			);
			mainGroup = F0108BA0200F431100F34ACB;
			productRefGroup = F0108BAA200F431100F34ACB /* Products */;
			projectDirPath = "";
			projectRoot = "";
			targets = (
				F0108BA8200F431100F34ACB /* xcodetableview */,
			);
		};
/* End PBXProject section */

/* Begin PBXResourcesBuildPhase section */
		F0108BA7200F431100F34ACB /* Resources */ = {
			isa = PBXResourcesBuildPhase;
			buildActionMask = 2147483647;
			files = (
				F0108BB7200F431100F34ACB /* LaunchScreen.storyboard in Resources */,
				F0108BB4200F431100F34ACB /* Assets.xcassets in Resources */,
				F0108BB2200F431100F34ACB /* Main.storyboard in Resources */,
			);
			runOnlyForDeploymentPostprocessing = 0;
		};
/* End PBXResourcesBuildPhase section */

/* Begin PBXSourcesBuildPhase section */
		F0108BA5200F431100F34ACB /* Sources */ = {
			isa = PBXSourcesBuildPhase;
			buildActionMask = 2147483647;
			files = (
				F0108BAF200F431100F34ACB /* ViewController.swift in Sources */,
				F0108BAD200F431100F34ACB /* AppDelegate.swift in Sources */,
				F0108BBF200F5DDB00F34ACB /* CustomCellTableViewCell.swift in Sources */,
			);
			runOnlyForDeploymentPostprocessing = 0;
		};
/* End PBXSourcesBuildPhase section */

/* Begin PBXVariantGroup section */
		F0108BB0200F431100F34ACB /* Main.storyboard */ = {
			isa = PBXVariantGroup;
			children = (
				F0108BB1200F431100F34ACB /* Base */,
			);
			name = Main.storyboard;
			sourceTree = "<group>";
		};
		F0108BB5200F431100F34ACB /* LaunchScreen.storyboard */ = {
			isa = PBXVariantGroup;
			children = (
				F0108BB6200F431100F34ACB /* Base */,
			);
			name = LaunchScreen.storyboard;
			sourceTree = "<group>";
		};
/* End PBXVariantGroup section */

/* Begin XCBuildConfiguration section */
		F0108BB9200F431100F34ACB /* Debug */ = {
			isa = XCBuildConfiguration;
			buildSettings = {
				ALWAYS_SEARCH_USER_PATHS = NO;
				CLANG_ANALYZER_NONNULL = YES;
				CLANG_ANALYZER_NUMBER_OBJECT_CONVERSION = YES_AGGRESSIVE;
				CLANG_CXX_LANGUAGE_STANDARD = "gnu++14";
				CLANG_CXX_LIBRARY = "libc++";
				CLANG_ENABLE_MODULES = YES;
				CLANG_ENABLE_OBJC_ARC = YES;
				CLANG_WARN_BLOCK_CAPTURE_AUTORELEASING = YES;
				CLANG_WARN_BOOL_CONVERSION = YES;
				CLANG_WARN_COMMA = YES;
				CLANG_WARN_CONSTANT_CONVERSION = YES;
				CLANG_WARN_DIRECT_OBJC_ISA_USAGE = YES_ERROR;
				CLANG_WARN_DOCUMENTATION_COMMENTS = YES;
				CLANG_WARN_EMPTY_BODY = YES;
				CLANG_WARN_ENUM_CONVERSION = YES;
				CLANG_WARN_INFINITE_RECURSION = YES;
				CLANG_WARN_INT_CONVERSION = YES;
				CLANG_WARN_NON_LITERAL_NULL_CONVERSION = YES;
				CLANG_WARN_OBJC_LITERAL_CONVERSION = YES;
				CLANG_WARN_OBJC_ROOT_CLASS = YES_ERROR;
				CLANG_WARN_RANGE_LOOP_ANALYSIS = YES;
				CLANG_WARN_STRICT_PROTOTYPES = YES;
				CLANG_WARN_SUSPICIOUS_MOVE = YES;
				CLANG_WARN_UNGUARDED_AVAILABILITY = YES_AGGRESSIVE;
				CLANG_WARN_UNREACHABLE_CODE = YES;
				CLANG_WARN__DUPLICATE_METHOD_MATCH = YES;
				CODE_SIGN_IDENTITY = "iPhone Developer";
				COPY_PHASE_STRIP = NO;
				DEBUG_INFORMATION_FORMAT = dwarf;
				ENABLE_STRICT_OBJC_MSGSEND = YES;
				ENABLE_TESTABILITY = YES;
				GCC_C_LANGUAGE_STANDARD = gnu11;
				GCC_DYNAMIC_NO_PIC = NO;
				GCC_NO_COMMON_BLOCKS = YES;
				GCC_OPTIMIZATION_LEVEL = 0;
				GCC_PREPROCESSOR_DEFINITIONS = (
					"DEBUG=1",
					"$(inherited)",
				);
				GCC_WARN_64_TO_32_BIT_CONVERSION = YES;
				GCC_WARN_ABOUT_RETURN_TYPE = YES_ERROR;
				GCC_WARN_UNDECLARED_SELECTOR = YES;
				GCC_WARN_UNINITIALIZED_AUTOS = YES_AGGRESSIVE;
				GCC_WARN_UNUSED_FUNCTION = YES;
				GCC_WARN_UNUSED_VARIABLE = YES;
				IPHONEOS_DEPLOYMENT_TARGET = 11.2;
				MTL_ENABLE_DEBUG_INFO = YES;
				ONLY_ACTIVE_ARCH = YES;
				SDKROOT = iphoneos;
				SWIFT_ACTIVE_COMPILATION_CONDITIONS = DEBUG;
				SWIFT_OPTIMIZATION_LEVEL = "-Onone";
			};
			name = Debug;
		};
		F0108BBA200F431100F34ACB /* Release */ = {
			isa = XCBuildConfiguration;
			buildSettings = {
				ALWAYS_SEARCH_USER_PATHS = NO;
				CLANG_ANALYZER_NONNULL = YES;
				CLANG_ANALYZER_NUMBER_OBJECT_CONVERSION = YES_AGGRESSIVE;
				CLANG_CXX_LANGUAGE_STANDARD = "gnu++14";
				CLANG_CXX_LIBRARY = "libc++";
				CLANG_ENABLE_MODULES = YES;
				CLANG_ENABLE_OBJC_ARC = YES;
				CLANG_WARN_BLOCK_CAPTURE_AUTORELEASING = YES;
				CLANG_WARN_BOOL_CONVERSION = YES;
				CLANG_WARN_COMMA = YES;
				CLANG_WARN_CONSTANT_CONVERSION = YES;
				CLANG_WARN_DIRECT_OBJC_ISA_USAGE = YES_ERROR;
				CLANG_WARN_DOCUMENTATION_COMMENTS = YES;
				CLANG_WARN_EMPTY_BODY = YES;
				CLANG_WARN_ENUM_CONVERSION = YES;
				CLANG_WARN_INFINITE_RECURSION = YES;
				CLANG_WARN_INT_CONVERSION = YES;
				CLANG_WARN_NON_LITERAL_NULL_CONVERSION = YES;
				CLANG_WARN_OBJC_LITERAL_CONVERSION = YES;
				CLANG_WARN_OBJC_ROOT_CLASS = YES_ERROR;
				CLANG_WARN_RANGE_LOOP_ANALYSIS = YES;
				CLANG_WARN_STRICT_PROTOTYPES = YES;
				CLANG_WARN_SUSPICIOUS_MOVE = YES;
				CLANG_WARN_UNGUARDED_AVAILABILITY = YES_AGGRESSIVE;
				CLANG_WARN_UNREACHABLE_CODE = YES;
				CLANG_WARN__DUPLICATE_METHOD_MATCH = YES;
				CODE_SIGN_IDENTITY = "iPhone Developer";
				COPY_PHASE_STRIP = NO;
				DEBUG_INFORMATION_FORMAT = "dwarf-with-dsym";
				ENABLE_NS_ASSERTIONS = NO;
				ENABLE_STRICT_OBJC_MSGSEND = YES;
				GCC_C_LANGUAGE_STANDARD = gnu11;
				GCC_NO_COMMON_BLOCKS = YES;
				GCC_WARN_64_TO_32_BIT_CONVERSION = YES;
				GCC_WARN_ABOUT_RETURN_TYPE = YES_ERROR;
				GCC_WARN_UNDECLARED_SELECTOR = YES;
				GCC_WARN_UNINITIALIZED_AUTOS = YES_AGGRESSIVE;
				GCC_WARN_UNUSED_FUNCTION = YES;
				GCC_WARN_UNUSED_VARIABLE = YES;
				IPHONEOS_DEPLOYMENT_TARGET = 11.2;
				MTL_ENABLE_DEBUG_INFO = NO;
				SDKROOT = iphoneos;
				SWIFT_OPTIMIZATION_LEVEL = "-Owholemodule";
				VALIDATE_PRODUCT = YES;
			};
			name = Release;
		};
		F0108BBC200F431100F34ACB /* Debug */ = {
			isa = XCBuildConfiguration;
			buildSettings = {
				ASSETCATALOG_COMPILER_APPICON_NAME = AppIcon;
				CODE_SIGN_STYLE = Automatic;
				DEVELOPMENT_TEAM = D7ACHR9XMP;
				INFOPLIST_FILE = xcodetableview/Info.plist;
				LD_RUNPATH_SEARCH_PATHS = "$(inherited) @executable_path/Frameworks";
				PRODUCT_BUNDLE_IDENTIFIER = luissancar.xcodetableview;
				PRODUCT_NAME = "$(TARGET_NAME)";
				SWIFT_VERSION = 4.0;
				TARGETED_DEVICE_FAMILY = "1,2";
			};
			name = Debug;
		};
		F0108BBD200F431100F34ACB /* Release */ = {
			isa = XCBuildConfiguration;
			buildSettings = {
				ASSETCATALOG_COMPILER_APPICON_NAME = AppIcon;
				CODE_SIGN_STYLE = Automatic;
				DEVELOPMENT_TEAM = D7ACHR9XMP;
				INFOPLIST_FILE = xcodetableview/Info.plist;
				LD_RUNPATH_SEARCH_PATHS = "$(inherited) @executable_path/Frameworks";
				PRODUCT_BUNDLE_IDENTIFIER = luissancar.xcodetableview;
				PRODUCT_NAME = "$(TARGET_NAME)";
				SWIFT_VERSION = 4.0;
				TARGETED_DEVICE_FAMILY = "1,2";
			};
			name = Release;
		};
/* End XCBuildConfiguration section */

/* Begin XCConfigurationList section */
		F0108BA4200F431100F34ACB /* Build configuration list for PBXProject "xcodetableview" */ = {
			isa = XCConfigurationList;
			buildConfigurations = (
				F0108BB9200F431100F34ACB /* Debug */,
				F0108BBA200F431100F34ACB /* Release */,
			);
			defaultConfigurationIsVisible = 0;
			defaultConfigurationName = Release;
		};
		F0108BBB200F431100F34ACB /* Build configuration list for PBXNativeTarget "xcodetableview" */ = {
			isa = XCConfigurationList;
			buildConfigurations = (
				F0108BBC200F431100F34ACB /* Debug */,
				F0108BBD200F431100F34ACB /* Release */,
			);
			defaultConfigurationIsVisible = 0;
			defaultConfigurationName = Release;
		};
/* End XCConfigurationList section */
	};
	rootObject = F0108BA1200F431100F34ACB /* Project object */;
}
